// !$*UTF8*$!
{
	archiveVersion = 1;
	classes = {
	};
	objectVersion = 55;
	objects = {

/* Begin PBXBuildFile section */
		51358FCFD98530FC68CE431A /* Pods_todolist.framework in Frameworks */ = {isa = PBXBuildFile; fileRef = F1E776A182F372E11DC96184 /* Pods_todolist.framework */; };
		B33E526A28B78B6600A5CD2D /* Constants.swift in Sources */ = {isa = PBXBuildFile; fileRef = B33E526928B78B6600A5CD2D /* Constants.swift */; };
		B33E527128B7967000A5CD2D /* TaskTableViewCell.swift in Sources */ = {isa = PBXBuildFile; fileRef = B33E526F28B7967000A5CD2D /* TaskTableViewCell.swift */; };
		B33E527228B7967000A5CD2D /* TaskTableViewCell.xib in Resources */ = {isa = PBXBuildFile; fileRef = B33E527028B7967000A5CD2D /* TaskTableViewCell.xib */; };
		B35EA8F428B6132F00B4592B /* TaskViewController.swift in Sources */ = {isa = PBXBuildFile; fileRef = B35EA8F228B6132F00B4592B /* TaskViewController.swift */; };
		B35EA8F528B6132F00B4592B /* TaskViewController.xib in Resources */ = {isa = PBXBuildFile; fileRef = B35EA8F328B6132F00B4592B /* TaskViewController.xib */; };
		B3769F7528BA24B20085C90C /* Extensions.swift in Sources */ = {isa = PBXBuildFile; fileRef = B3769F7428BA24B20085C90C /* Extensions.swift */; };
		B38758FC28B4C538009C12E5 /* AppDelegate.swift in Sources */ = {isa = PBXBuildFile; fileRef = B38758FB28B4C538009C12E5 /* AppDelegate.swift */; };
		B38758FE28B4C538009C12E5 /* SceneDelegate.swift in Sources */ = {isa = PBXBuildFile; fileRef = B38758FD28B4C538009C12E5 /* SceneDelegate.swift */; };
		B387590028B4C538009C12E5 /* FeedViewController.swift in Sources */ = {isa = PBXBuildFile; fileRef = B38758FF28B4C538009C12E5 /* FeedViewController.swift */; };
		B387590328B4C538009C12E5 /* Main.storyboard in Resources */ = {isa = PBXBuildFile; fileRef = B387590128B4C538009C12E5 /* Main.storyboard */; };
		B387590628B4C538009C12E5 /* todolist.xcdatamodeld in Sources */ = {isa = PBXBuildFile; fileRef = B387590428B4C538009C12E5 /* todolist.xcdatamodeld */; };
		B387590828B4C539009C12E5 /* Assets.xcassets in Resources */ = {isa = PBXBuildFile; fileRef = B387590728B4C539009C12E5 /* Assets.xcassets */; };
		B387590B28B4C539009C12E5 /* LaunchScreen.storyboard in Resources */ = {isa = PBXBuildFile; fileRef = B387590928B4C539009C12E5 /* LaunchScreen.storyboard */; };
		B387592028B4CB26009C12E5 /* TaskRepository.swift in Sources */ = {isa = PBXBuildFile; fileRef = B387591F28B4CB26009C12E5 /* TaskRepository.swift */; };
		B3B7F5BF28B8BC3D000EEA3E /* CompletedViewController.swift in Sources */ = {isa = PBXBuildFile; fileRef = B3B7F5BE28B8BC3D000EEA3E /* CompletedViewController.swift */; };
		B3B7F5C628B9000C000EEA3E /* ScheduledTaskTableViewCell.swift in Sources */ = {isa = PBXBuildFile; fileRef = B3B7F5C428B9000C000EEA3E /* ScheduledTaskTableViewCell.swift */; };
		B3B7F5C728B9000C000EEA3E /* ScheduledTaskTableViewCell.xib in Resources */ = {isa = PBXBuildFile; fileRef = B3B7F5C528B9000C000EEA3E /* ScheduledTaskTableViewCell.xib */; };
		B3C3AF5F28B9268600BCFC65 /* Task+CoreDataClass.swift in Sources */ = {isa = PBXBuildFile; fileRef = B3C3AF5D28B9268600BCFC65 /* Task+CoreDataClass.swift */; };
		B3C3AF6028B9268600BCFC65 /* Task+CoreDataProperties.swift in Sources */ = {isa = PBXBuildFile; fileRef = B3C3AF5E28B9268600BCFC65 /* Task+CoreDataProperties.swift */; };
/* End PBXBuildFile section */

/* Begin PBXFileReference section */
		88ABCF86C406B7B84516D845 /* Pods-todolist.release.xcconfig */ = {isa = PBXFileReference; includeInIndex = 1; lastKnownFileType = text.xcconfig; name = "Pods-todolist.release.xcconfig"; path = "Target Support Files/Pods-todolist/Pods-todolist.release.xcconfig"; sourceTree = "<group>"; };
		B33E526928B78B6600A5CD2D /* Constants.swift */ = {isa = PBXFileReference; lastKnownFileType = sourcecode.swift; path = Constants.swift; sourceTree = "<group>"; };
		B33E526F28B7967000A5CD2D /* TaskTableViewCell.swift */ = {isa = PBXFileReference; lastKnownFileType = sourcecode.swift; path = TaskTableViewCell.swift; sourceTree = "<group>"; };
		B33E527028B7967000A5CD2D /* TaskTableViewCell.xib */ = {isa = PBXFileReference; lastKnownFileType = file.xib; path = TaskTableViewCell.xib; sourceTree = "<group>"; };
		B35EA8F228B6132F00B4592B /* TaskViewController.swift */ = {isa = PBXFileReference; lastKnownFileType = sourcecode.swift; path = TaskViewController.swift; sourceTree = "<group>"; };
		B35EA8F328B6132F00B4592B /* TaskViewController.xib */ = {isa = PBXFileReference; lastKnownFileType = file.xib; path = TaskViewController.xib; sourceTree = "<group>"; };
		B3769F7428BA24B20085C90C /* Extensions.swift */ = {isa = PBXFileReference; lastKnownFileType = sourcecode.swift; path = Extensions.swift; sourceTree = "<group>"; };
		B38758F828B4C538009C12E5 /* todolist.app */ = {isa = PBXFileReference; explicitFileType = wrapper.application; includeInIndex = 0; path = todolist.app; sourceTree = BUILT_PRODUCTS_DIR; };
		B38758FB28B4C538009C12E5 /* AppDelegate.swift */ = {isa = PBXFileReference; lastKnownFileType = sourcecode.swift; path = AppDelegate.swift; sourceTree = "<group>"; };
		B38758FD28B4C538009C12E5 /* SceneDelegate.swift */ = {isa = PBXFileReference; lastKnownFileType = sourcecode.swift; path = SceneDelegate.swift; sourceTree = "<group>"; };
		B38758FF28B4C538009C12E5 /* FeedViewController.swift */ = {isa = PBXFileReference; lastKnownFileType = sourcecode.swift; path = FeedViewController.swift; sourceTree = "<group>"; };
		B387590228B4C538009C12E5 /* Base */ = {isa = PBXFileReference; lastKnownFileType = file.storyboard; name = Base; path = Base.lproj/Main.storyboard; sourceTree = "<group>"; };
		B387590528B4C538009C12E5 /* todolist.xcdatamodel */ = {isa = PBXFileReference; lastKnownFileType = wrapper.xcdatamodel; path = todolist.xcdatamodel; sourceTree = "<group>"; };
		B387590728B4C539009C12E5 /* Assets.xcassets */ = {isa = PBXFileReference; lastKnownFileType = folder.assetcatalog; path = Assets.xcassets; sourceTree = "<group>"; };
		B387590A28B4C539009C12E5 /* Base */ = {isa = PBXFileReference; lastKnownFileType = file.storyboard; name = Base; path = Base.lproj/LaunchScreen.storyboard; sourceTree = "<group>"; };
		B387590C28B4C539009C12E5 /* Info.plist */ = {isa = PBXFileReference; lastKnownFileType = text.plist.xml; path = Info.plist; sourceTree = "<group>"; };
		B387591F28B4CB26009C12E5 /* TaskRepository.swift */ = {isa = PBXFileReference; lastKnownFileType = sourcecode.swift; path = TaskRepository.swift; sourceTree = "<group>"; };
		B3B7F5BE28B8BC3D000EEA3E /* CompletedViewController.swift */ = {isa = PBXFileReference; lastKnownFileType = sourcecode.swift; path = CompletedViewController.swift; sourceTree = "<group>"; };
		B3B7F5C428B9000C000EEA3E /* ScheduledTaskTableViewCell.swift */ = {isa = PBXFileReference; lastKnownFileType = sourcecode.swift; path = ScheduledTaskTableViewCell.swift; sourceTree = "<group>"; };
		B3B7F5C528B9000C000EEA3E /* ScheduledTaskTableViewCell.xib */ = {isa = PBXFileReference; lastKnownFileType = file.xib; path = ScheduledTaskTableViewCell.xib; sourceTree = "<group>"; };
		B3C3AF5D28B9268600BCFC65 /* Task+CoreDataClass.swift */ = {isa = PBXFileReference; lastKnownFileType = sourcecode.swift; path = "Task+CoreDataClass.swift"; sourceTree = "<group>"; };
		B3C3AF5E28B9268600BCFC65 /* Task+CoreDataProperties.swift */ = {isa = PBXFileReference; lastKnownFileType = sourcecode.swift; path = "Task+CoreDataProperties.swift"; sourceTree = "<group>"; };
		F1E776A182F372E11DC96184 /* Pods_todolist.framework */ = {isa = PBXFileReference; explicitFileType = wrapper.framework; includeInIndex = 0; path = Pods_todolist.framework; sourceTree = BUILT_PRODUCTS_DIR; };
		FD8ACEE1C5373ACE05570325 /* Pods-todolist.debug.xcconfig */ = {isa = PBXFileReference; includeInIndex = 1; lastKnownFileType = text.xcconfig; name = "Pods-todolist.debug.xcconfig"; path = "Target Support Files/Pods-todolist/Pods-todolist.debug.xcconfig"; sourceTree = "<group>"; };
/* End PBXFileReference section */

/* Begin PBXFrameworksBuildPhase section */
		B38758F528B4C538009C12E5 /* Frameworks */ = {
			isa = PBXFrameworksBuildPhase;
			buildActionMask = 2147483647;
			files = (
				51358FCFD98530FC68CE431A /* Pods_todolist.framework in Frameworks */,
			);
			runOnlyForDeploymentPostprocessing = 0;
		};
/* End PBXFrameworksBuildPhase section */

/* Begin PBXGroup section */
		5938511F3A6ACFB531DFFE7A /* Pods */ = {
			isa = PBXGroup;
			children = (
				FD8ACEE1C5373ACE05570325 /* Pods-todolist.debug.xcconfig */,
				88ABCF86C406B7B84516D845 /* Pods-todolist.release.xcconfig */,
			);
			path = Pods;
			sourceTree = "<group>";
		};
		B38758EF28B4C538009C12E5 = {
			isa = PBXGroup;
			children = (
				B3C3AF5D28B9268600BCFC65 /* Task+CoreDataClass.swift */,
				B3C3AF5E28B9268600BCFC65 /* Task+CoreDataProperties.swift */,
				B38758FA28B4C538009C12E5 /* todolist */,
				B38758F928B4C538009C12E5 /* Products */,
				5938511F3A6ACFB531DFFE7A /* Pods */,
				EA75509E0459565BEDC2DD0C /* Frameworks */,
			);
			sourceTree = "<group>";
		};
		B38758F928B4C538009C12E5 /* Products */ = {
			isa = PBXGroup;
			children = (
				B38758F828B4C538009C12E5 /* todolist.app */,
			);
			name = Products;
			sourceTree = "<group>";
		};
		B38758FA28B4C538009C12E5 /* todolist */ = {
			isa = PBXGroup;
			children = (
				B387591528B4C81B009C12E5 /* domain */,
				B387591428B4C812009C12E5 /* data */,
				B387591828B4C834009C12E5 /* presentation */,
				B38758FB28B4C538009C12E5 /* AppDelegate.swift */,
				B38758FD28B4C538009C12E5 /* SceneDelegate.swift */,
				B387590128B4C538009C12E5 /* Main.storyboard */,
				B387590928B4C539009C12E5 /* LaunchScreen.storyboard */,
				B387590728B4C539009C12E5 /* Assets.xcassets */,
				B387590C28B4C539009C12E5 /* Info.plist */,
				B387590428B4C538009C12E5 /* todolist.xcdatamodeld */,
			);
			path = todolist;
			sourceTree = "<group>";
		};
		B387591428B4C812009C12E5 /* data */ = {
			isa = PBXGroup;
			children = (
				B387591F28B4CB26009C12E5 /* TaskRepository.swift */,
			);
			path = data;
			sourceTree = "<group>";
		};
		B387591528B4C81B009C12E5 /* domain */ = {
			isa = PBXGroup;
			children = (
				B387591728B4C828009C12E5 /* model */,
			);
			path = domain;
			sourceTree = "<group>";
		};
		B387591728B4C828009C12E5 /* model */ = {
			isa = PBXGroup;
			children = (
			);
			path = model;
			sourceTree = "<group>";
		};
		B387591828B4C834009C12E5 /* presentation */ = {
			isa = PBXGroup;
			children = (
				B387591A28B4C842009C12E5 /* controller */,
				B387591928B4C83D009C12E5 /* view */,
				B33E526928B78B6600A5CD2D /* Constants.swift */,
				B3769F7428BA24B20085C90C /* Extensions.swift */,
			);
			path = presentation;
			sourceTree = "<group>";
		};
		B387591928B4C83D009C12E5 /* view */ = {
			isa = PBXGroup;
			children = (
				B33E526F28B7967000A5CD2D /* TaskTableViewCell.swift */,
				B33E527028B7967000A5CD2D /* TaskTableViewCell.xib */,
				B3B7F5C428B9000C000EEA3E /* ScheduledTaskTableViewCell.swift */,
				B3B7F5C528B9000C000EEA3E /* ScheduledTaskTableViewCell.xib */,
			);
			path = view;
			sourceTree = "<group>";
		};
		B387591A28B4C842009C12E5 /* controller */ = {
			isa = PBXGroup;
			children = (
				B38758FF28B4C538009C12E5 /* FeedViewController.swift */,
				B35EA8F228B6132F00B4592B /* TaskViewController.swift */,
				B35EA8F328B6132F00B4592B /* TaskViewController.xib */,
				B3B7F5BE28B8BC3D000EEA3E /* CompletedViewController.swift */,
			);
			path = controller;
			sourceTree = "<group>";
		};
		EA75509E0459565BEDC2DD0C /* Frameworks */ = {
			isa = PBXGroup;
			children = (
				F1E776A182F372E11DC96184 /* Pods_todolist.framework */,
			);
			name = Frameworks;
			sourceTree = "<group>";
		};
/* End PBXGroup section */

/* Begin PBXNativeTarget section */
		B38758F728B4C538009C12E5 /* todolist */ = {
			isa = PBXNativeTarget;
			buildConfigurationList = B387590F28B4C539009C12E5 /* Build configuration list for PBXNativeTarget "todolist" */;
			buildPhases = (
				6124ABC55A2F35B33D578FA4 /* [CP] Check Pods Manifest.lock */,
				B38758F428B4C538009C12E5 /* Sources */,
				B38758F528B4C538009C12E5 /* Frameworks */,
				B38758F628B4C538009C12E5 /* Resources */,
				8F748CD951799B927C21EA42 /* [CP] Embed Pods Frameworks */,
			);
			buildRules = (
			);
			dependencies = (
			);
			name = todolist;
			productName = todolist;
			productReference = B38758F828B4C538009C12E5 /* todolist.app */;
			productType = "com.apple.product-type.application";
		};
/* End PBXNativeTarget section */

/* Begin PBXProject section */
		B38758F028B4C538009C12E5 /* Project object */ = {
			isa = PBXProject;
			attributes = {
				BuildIndependentTargetsInParallel = 1;
				LastSwiftUpdateCheck = 1340;
				LastUpgradeCheck = 1340;
				TargetAttributes = {
					B38758F728B4C538009C12E5 = {
						CreatedOnToolsVersion = 13.4.1;
					};
				};
			};
			buildConfigurationList = B38758F328B4C538009C12E5 /* Build configuration list for PBXProject "todolist" */;
			compatibilityVersion = "Xcode 13.0";
			developmentRegion = en;
			hasScannedForEncodings = 0;
			knownRegions = (
				en,
				Base,
			);
			mainGroup = B38758EF28B4C538009C12E5;
			productRefGroup = B38758F928B4C538009C12E5 /* Products */;
			projectDirPath = "";
			projectRoot = "";
			targets = (
				B38758F728B4C538009C12E5 /* todolist */,
			);
		};
/* End PBXProject section */

/* Begin PBXResourcesBuildPhase section */
		B38758F628B4C538009C12E5 /* Resources */ = {
			isa = PBXResourcesBuildPhase;
			buildActionMask = 2147483647;
			files = (
				B35EA8F528B6132F00B4592B /* TaskViewController.xib in Resources */,
				B387590B28B4C539009C12E5 /* LaunchScreen.storyboard in Resources */,
				B387590828B4C539009C12E5 /* Assets.xcassets in Resources */,
				B387590328B4C538009C12E5 /* Main.storyboard in Resources */,
				B3B7F5C728B9000C000EEA3E /* ScheduledTaskTableViewCell.xib in Resources */,
				B33E527228B7967000A5CD2D /* TaskTableViewCell.xib in Resources */,
			);
			runOnlyForDeploymentPostprocessing = 0;
		};
/* End PBXResourcesBuildPhase section */

/* Begin PBXShellScriptBuildPhase section */
		6124ABC55A2F35B33D578FA4 /* [CP] Check Pods Manifest.lock */ = {
			isa = PBXShellScriptBuildPhase;
			buildActionMask = 2147483647;
			files = (
			);
			inputFileListPaths = (
			);
			inputPaths = (
				"${PODS_PODFILE_DIR_PATH}/Podfile.lock",
				"${PODS_ROOT}/Manifest.lock",
			);
			name = "[CP] Check Pods Manifest.lock";
			outputFileListPaths = (
			);
			outputPaths = (
				"$(DERIVED_FILE_DIR)/Pods-todolist-checkManifestLockResult.txt",
			);
			runOnlyForDeploymentPostprocessing = 0;
			shellPath = /bin/sh;
			shellScript = "diff \"${PODS_PODFILE_DIR_PATH}/Podfile.lock\" \"${PODS_ROOT}/Manifest.lock\" > /dev/null\nif [ $? != 0 ] ; then\n    # print error to STDERR\n    echo \"error: The sandbox is not in sync with the Podfile.lock. Run 'pod install' or update your CocoaPods installation.\" >&2\n    exit 1\nfi\n# This output is used by Xcode 'outputs' to avoid re-running this script phase.\necho \"SUCCESS\" > \"${SCRIPT_OUTPUT_FILE_0}\"\n";
			showEnvVarsInLog = 0;
		};
		8F748CD951799B927C21EA42 /* [CP] Embed Pods Frameworks */ = {
			isa = PBXShellScriptBuildPhase;
			buildActionMask = 2147483647;
			files = (
			);
			inputFileListPaths = (
				"${PODS_ROOT}/Target Support Files/Pods-todolist/Pods-todolist-frameworks-${CONFIGURATION}-input-files.xcfilelist",
			);
			name = "[CP] Embed Pods Frameworks";
			outputFileListPaths = (
				"${PODS_ROOT}/Target Support Files/Pods-todolist/Pods-todolist-frameworks-${CONFIGURATION}-output-files.xcfilelist",
			);
			runOnlyForDeploymentPostprocessing = 0;
			shellPath = /bin/sh;
			shellScript = "\"${PODS_ROOT}/Target Support Files/Pods-todolist/Pods-todolist-frameworks.sh\"\n";
			showEnvVarsInLog = 0;
		};
/* End PBXShellScriptBuildPhase section */

/* Begin PBXSourcesBuildPhase section */
		B38758F428B4C538009C12E5 /* Sources */ = {
			isa = PBXSourcesBuildPhase;
			buildActionMask = 2147483647;
			files = (
				B387590028B4C538009C12E5 /* FeedViewController.swift in Sources */,
				B38758FC28B4C538009C12E5 /* AppDelegate.swift in Sources */,
				B33E527128B7967000A5CD2D /* TaskTableViewCell.swift in Sources */,
				B38758FE28B4C538009C12E5 /* SceneDelegate.swift in Sources */,
				B33E526A28B78B6600A5CD2D /* Constants.swift in Sources */,
				B387590628B4C538009C12E5 /* todolist.xcdatamodeld in Sources */,
				B3B7F5C628B9000C000EEA3E /* ScheduledTaskTableViewCell.swift in Sources */,
				B35EA8F428B6132F00B4592B /* TaskViewController.swift in Sources */,
				B3769F7528BA24B20085C90C /* Extensions.swift in Sources */,
				B3C3AF5F28B9268600BCFC65 /* Task+CoreDataClass.swift in Sources */,
				B3B7F5BF28B8BC3D000EEA3E /* CompletedViewController.swift in Sources */,
				B3C3AF6028B9268600BCFC65 /* Task+CoreDataProperties.swift in Sources */,
				B387592028B4CB26009C12E5 /* TaskRepository.swift in Sources */,
			);
			runOnlyForDeploymentPostprocessing = 0;
		};
/* End PBXSourcesBuildPhase section */

/* Begin PBXVariantGroup section */
		B387590128B4C538009C12E5 /* Main.storyboard */ = {
			isa = PBXVariantGroup;
			children = (
				B387590228B4C538009C12E5 /* Base */,
			);
			name = Main.storyboard;
			sourceTree = "<group>";
		};
		B387590928B4C539009C12E5 /* LaunchScreen.storyboard */ = {
			isa = PBXVariantGroup;
			children = (
				B387590A28B4C539009C12E5 /* Base */,
			);
			name = LaunchScreen.storyboard;
			sourceTree = "<group>";
		};
/* End PBXVariantGroup section */

/* Begin XCBuildConfiguration section */
		B387590D28B4C539009C12E5 /* Debug */ = {
			isa = XCBuildConfiguration;
			buildSettings = {
				ALWAYS_SEARCH_USER_PATHS = NO;
				CLANG_ANALYZER_NONNULL = YES;
				CLANG_ANALYZER_NUMBER_OBJECT_CONVERSION = YES_AGGRESSIVE;
				CLANG_CXX_LANGUAGE_STANDARD = "gnu++17";
				CLANG_ENABLE_MODULES = YES;
				CLANG_ENABLE_OBJC_ARC = YES;
				CLANG_ENABLE_OBJC_WEAK = YES;
				CLANG_WARN_BLOCK_CAPTURE_AUTORELEASING = YES;
				CLANG_WARN_BOOL_CONVERSION = YES;
				CLANG_WARN_COMMA = YES;
				CLANG_WARN_CONSTANT_CONVERSION = YES;
				CLANG_WARN_DEPRECATED_OBJC_IMPLEMENTATIONS = YES;
				CLANG_WARN_DIRECT_OBJC_ISA_USAGE = YES_ERROR;
				CLANG_WARN_DOCUMENTATION_COMMENTS = YES;
				CLANG_WARN_EMPTY_BODY = YES;
				CLANG_WARN_ENUM_CONVERSION = YES;
				CLANG_WARN_INFINITE_RECURSION = YES;
				CLANG_WARN_INT_CONVERSION = YES;
				CLANG_WARN_NON_LITERAL_NULL_CONVERSION = YES;
				CLANG_WARN_OBJC_IMPLICIT_RETAIN_SELF = YES;
				CLANG_WARN_OBJC_LITERAL_CONVERSION = YES;
				CLANG_WARN_OBJC_ROOT_CLASS = YES_ERROR;
				CLANG_WARN_QUOTED_INCLUDE_IN_FRAMEWORK_HEADER = YES;
				CLANG_WARN_RANGE_LOOP_ANALYSIS = YES;
				CLANG_WARN_STRICT_PROTOTYPES = YES;
				CLANG_WARN_SUSPICIOUS_MOVE = YES;
				CLANG_WARN_UNGUARDED_AVAILABILITY = YES_AGGRESSIVE;
				CLANG_WARN_UNREACHABLE_CODE = YES;
				CLANG_WARN__DUPLICATE_METHOD_MATCH = YES;
				COPY_PHASE_STRIP = NO;
				DEBUG_INFORMATION_FORMAT = dwarf;
				ENABLE_STRICT_OBJC_MSGSEND = YES;
				ENABLE_TESTABILITY = YES;
				GCC_C_LANGUAGE_STANDARD = gnu11;
				GCC_DYNAMIC_NO_PIC = NO;
				GCC_NO_COMMON_BLOCKS = YES;
				GCC_OPTIMIZATION_LEVEL = 0;
				GCC_PREPROCESSOR_DEFINITIONS = (
					"DEBUG=1",
					"$(inherited)",
				);
				GCC_WARN_64_TO_32_BIT_CONVERSION = YES;
				GCC_WARN_ABOUT_RETURN_TYPE = YES_ERROR;
				GCC_WARN_UNDECLARED_SELECTOR = YES;
				GCC_WARN_UNINITIALIZED_AUTOS = YES_AGGRESSIVE;
				GCC_WARN_UNUSED_FUNCTION = YES;
				GCC_WARN_UNUSED_VARIABLE = YES;
				IPHONEOS_DEPLOYMENT_TARGET = 15.5;
				MTL_ENABLE_DEBUG_INFO = INCLUDE_SOURCE;
				MTL_FAST_MATH = YES;
				ONLY_ACTIVE_ARCH = YES;
				SDKROOT = iphoneos;
				SWIFT_ACTIVE_COMPILATION_CONDITIONS = DEBUG;
				SWIFT_OPTIMIZATION_LEVEL = "-Onone";
			};
			name = Debug;
		};
		B387590E28B4C539009C12E5 /* Release */ = {
			isa = XCBuildConfiguration;
			buildSettings = {
				ALWAYS_SEARCH_USER_PATHS = NO;
				CLANG_ANALYZER_NONNULL = YES;
				CLANG_ANALYZER_NUMBER_OBJECT_CONVERSION = YES_AGGRESSIVE;
				CLANG_CXX_LANGUAGE_STANDARD = "gnu++17";
				CLANG_ENABLE_MODULES = YES;
				CLANG_ENABLE_OBJC_ARC = YES;
				CLANG_ENABLE_OBJC_WEAK = YES;
				CLANG_WARN_BLOCK_CAPTURE_AUTORELEASING = YES;
				CLANG_WARN_BOOL_CONVERSION = YES;
				CLANG_WARN_COMMA = YES;
				CLANG_WARN_CONSTANT_CONVERSION = YES;
				CLANG_WARN_DEPRECATED_OBJC_IMPLEMENTATIONS = YES;
				CLANG_WARN_DIRECT_OBJC_ISA_USAGE = YES_ERROR;
				CLANG_WARN_DOCUMENTATION_COMMENTS = YES;
				CLANG_WARN_EMPTY_BODY = YES;
				CLANG_WARN_ENUM_CONVERSION = YES;
				CLANG_WARN_INFINITE_RECURSION = YES;
				CLANG_WARN_INT_CONVERSION = YES;
				CLANG_WARN_NON_LITERAL_NULL_CONVERSION = YES;
				CLANG_WARN_OBJC_IMPLICIT_RETAIN_SELF = YES;
				CLANG_WARN_OBJC_LITERAL_CONVERSION = YES;
				CLANG_WARN_OBJC_ROOT_CLASS = YES_ERROR;
				CLANG_WARN_QUOTED_INCLUDE_IN_FRAMEWORK_HEADER = YES;
				CLANG_WARN_RANGE_LOOP_ANALYSIS = YES;
				CLANG_WARN_STRICT_PROTOTYPES = YES;
				CLANG_WARN_SUSPICIOUS_MOVE = YES;
				CLANG_WARN_UNGUARDED_AVAILABILITY = YES_AGGRESSIVE;
				CLANG_WARN_UNREACHABLE_CODE = YES;
				CLANG_WARN__DUPLICATE_METHOD_MATCH = YES;
				COPY_PHASE_STRIP = NO;
				DEBUG_INFORMATION_FORMAT = "dwarf-with-dsym";
				ENABLE_NS_ASSERTIONS = NO;
				ENABLE_STRICT_OBJC_MSGSEND = YES;
				GCC_C_LANGUAGE_STANDARD = gnu11;
				GCC_NO_COMMON_BLOCKS = YES;
				GCC_WARN_64_TO_32_BIT_CONVERSION = YES;
				GCC_WARN_ABOUT_RETURN_TYPE = YES_ERROR;
				GCC_WARN_UNDECLARED_SELECTOR = YES;
				GCC_WARN_UNINITIALIZED_AUTOS = YES_AGGRESSIVE;
				GCC_WARN_UNUSED_FUNCTION = YES;
				GCC_WARN_UNUSED_VARIABLE = YES;
				IPHONEOS_DEPLOYMENT_TARGET = 15.5;
				MTL_ENABLE_DEBUG_INFO = NO;
				MTL_FAST_MATH = YES;
				SDKROOT = iphoneos;
				SWIFT_COMPILATION_MODE = wholemodule;
				SWIFT_OPTIMIZATION_LEVEL = "-O";
				VALIDATE_PRODUCT = YES;
			};
			name = Release;
		};
		B387591028B4C539009C12E5 /* Debug */ = {
			isa = XCBuildConfiguration;
			baseConfigurationReference = FD8ACEE1C5373ACE05570325 /* Pods-todolist.debug.xcconfig */;
			buildSettings = {
				ASSETCATALOG_COMPILER_APPICON_NAME = AppIcon;
				ASSETCATALOG_COMPILER_GLOBAL_ACCENT_COLOR_NAME = AccentColor;
				CODE_SIGN_STYLE = Automatic;
				CURRENT_PROJECT_VERSION = 1;
				DEVELOPMENT_TEAM = YARMR5F2CV;
				GENERATE_INFOPLIST_FILE = YES;
				INFOPLIST_FILE = todolist/Info.plist;
				INFOPLIST_KEY_CFBundleDisplayName = ToDo;
				INFOPLIST_KEY_UIApplicationSupportsIndirectInputEvents = YES;
				INFOPLIST_KEY_UILaunchStoryboardName = LaunchScreen;
				INFOPLIST_KEY_UIMainStoryboardFile = Main;
				INFOPLIST_KEY_UISupportedInterfaceOrientations_iPad = "UIInterfaceOrientationPortrait UIInterfaceOrientationPortraitUpsideDown UIInterfaceOrientationLandscapeLeft UIInterfaceOrientationLandscapeRight";
				INFOPLIST_KEY_UISupportedInterfaceOrientations_iPhone = "UIInterfaceOrientationPortrait UIInterfaceOrientationLandscapeLeft UIInterfaceOrientationLandscapeRight";
				LD_RUNPATH_SEARCH_PATHS = (
					"$(inherited)",
					"@executable_path/Frameworks",
				);
				MARKETING_VERSION = 1.0;
				PRODUCT_BUNDLE_IDENTIFIER = com.iskandarov.leonid.todolist;
				PRODUCT_NAME = "$(TARGET_NAME)";
				SWIFT_EMIT_LOC_STRINGS = YES;
				SWIFT_VERSION = 5.0;
				TARGETED_DEVICE_FAMILY = "1,2";
			};
			name = Debug;
		};
		B387591128B4C539009C12E5 /* Release */ = {
			isa = XCBuildConfiguration;
			baseConfigurationReference = 88ABCF86C406B7B84516D845 /* Pods-todolist.release.xcconfig */;
			buildSettings = {
				ASSETCATALOG_COMPILER_APPICON_NAME = AppIcon;
				ASSETCATALOG_COMPILER_GLOBAL_ACCENT_COLOR_NAME = AccentColor;
				CODE_SIGN_STYLE = Automatic;
				CURRENT_PROJECT_VERSION = 1;
				DEVELOPMENT_TEAM = YARMR5F2CV;
				GENERATE_INFOPLIST_FILE = YES;
				INFOPLIST_FILE = todolist/Info.plist;
				INFOPLIST_KEY_CFBundleDisplayName = ToDo;
				INFOPLIST_KEY_UIApplicationSupportsIndirectInputEvents = YES;
				INFOPLIST_KEY_UILaunchStoryboardName = LaunchScreen;
				INFOPLIST_KEY_UIMainStoryboardFile = Main;
				INFOPLIST_KEY_UISupportedInterfaceOrientations_iPad = "UIInterfaceOrientationPortrait UIInterfaceOrientationPortraitUpsideDown UIInterfaceOrientationLandscapeLeft UIInterfaceOrientationLandscapeRight";
				INFOPLIST_KEY_UISupportedInterfaceOrientations_iPhone = "UIInterfaceOrientationPortrait UIInterfaceOrientationLandscapeLeft UIInterfaceOrientationLandscapeRight";
				LD_RUNPATH_SEARCH_PATHS = (
					"$(inherited)",
					"@executable_path/Frameworks",
				);
				MARKETING_VERSION = 1.0;
				PRODUCT_BUNDLE_IDENTIFIER = com.iskandarov.leonid.todolist;
				PRODUCT_NAME = "$(TARGET_NAME)";
				SWIFT_EMIT_LOC_STRINGS = YES;
				SWIFT_VERSION = 5.0;
				TARGETED_DEVICE_FAMILY = "1,2";
			};
			name = Release;
		};
/* End XCBuildConfiguration section */

/* Begin XCConfigurationList section */
		B38758F328B4C538009C12E5 /* Build configuration list for PBXProject "todolist" */ = {
			isa = XCConfigurationList;
			buildConfigurations = (
				B387590D28B4C539009C12E5 /* Debug */,
				B387590E28B4C539009C12E5 /* Release */,
			);
			defaultConfigurationIsVisible = 0;
			defaultConfigurationName = Release;
		};
		B387590F28B4C539009C12E5 /* Build configuration list for PBXNativeTarget "todolist" */ = {
			isa = XCConfigurationList;
			buildConfigurations = (
				B387591028B4C539009C12E5 /* Debug */,
				B387591128B4C539009C12E5 /* Release */,
			);
			defaultConfigurationIsVisible = 0;
			defaultConfigurationName = Release;
		};
/* End XCConfigurationList section */

/* Begin XCVersionGroup section */
		B387590428B4C538009C12E5 /* todolist.xcdatamodeld */ = {
			isa = XCVersionGroup;
			children = (
				B387590528B4C538009C12E5 /* todolist.xcdatamodel */,
			);
			currentVersion = B387590528B4C538009C12E5 /* todolist.xcdatamodel */;
			path = todolist.xcdatamodeld;
			sourceTree = "<group>";
			versionGroupType = wrapper.xcdatamodel;
		};
/* End XCVersionGroup section */
	};
	rootObject = B38758F028B4C538009C12E5 /* Project object */;
}
